// !$*UTF8*$!
{
	archiveVersion = 1;
	classes = {
	};
	objectVersion = 56;
	objects = {

/* Begin PBXBuildFile section */
		A5869C622BDDCE1500B79A71 /* BoxCarClassification 1.mlmodel in Sources */ = {isa = PBXBuildFile; fileRef = A5869C612BDDCE1500B79A71 /* BoxCarClassification 1.mlmodel */; };
		A5AF3E7E2BDDC0BE00DA3CA6 /* AppDelegate.swift in Sources */ = {isa = PBXBuildFile; fileRef = A5AF3E7D2BDDC0BE00DA3CA6 /* AppDelegate.swift */; };
		A5AF3E802BDDC0BE00DA3CA6 /* SceneDelegate.swift in Sources */ = {isa = PBXBuildFile; fileRef = A5AF3E7F2BDDC0BE00DA3CA6 /* SceneDelegate.swift */; };
		A5AF3E822BDDC0BE00DA3CA6 /* ViewController.swift in Sources */ = {isa = PBXBuildFile; fileRef = A5AF3E812BDDC0BE00DA3CA6 /* ViewController.swift */; };
		A5AF3E852BDDC0BE00DA3CA6 /* Base in Resources */ = {isa = PBXBuildFile; fileRef = A5AF3E842BDDC0BE00DA3CA6 /* Base */; };
		A5AF3E872BDDC0C000DA3CA6 /* Assets.xcassets in Resources */ = {isa = PBXBuildFile; fileRef = A5AF3E862BDDC0C000DA3CA6 /* Assets.xcassets */; };
		A5AF3E8A2BDDC0C000DA3CA6 /* Base in Resources */ = {isa = PBXBuildFile; fileRef = A5AF3E892BDDC0C000DA3CA6 /* Base */; };
		A5AF3E922BDDC0F000DA3CA6 /* PredictionController.swift in Sources */ = {isa = PBXBuildFile; fileRef = A5AF3E912BDDC0F000DA3CA6 /* PredictionController.swift */; };
/* End PBXBuildFile section */

/* Begin PBXFileReference section */
		A5869C612BDDCE1500B79A71 /* BoxCarClassification 1.mlmodel */ = {isa = PBXFileReference; lastKnownFileType = file.mlmodel; name = "BoxCarClassification 1.mlmodel"; path = "../../../CreateModel/testingdata copy/BoxCarClassification 1.mlmodel"; sourceTree = "<group>"; };
		A5AF3E7A2BDDC0BE00DA3CA6 /* MAD_Grad_Peram_Venkata_Ramana_Reddy.app */ = {isa = PBXFileReference; explicitFileType = wrapper.application; includeInIndex = 0; path = MAD_Grad_Peram_Venkata_Ramana_Reddy.app; sourceTree = BUILT_PRODUCTS_DIR; };
		A5AF3E7D2BDDC0BE00DA3CA6 /* AppDelegate.swift */ = {isa = PBXFileReference; lastKnownFileType = sourcecode.swift; path = AppDelegate.swift; sourceTree = "<group>"; };
		A5AF3E7F2BDDC0BE00DA3CA6 /* SceneDelegate.swift */ = {isa = PBXFileReference; lastKnownFileType = sourcecode.swift; path = SceneDelegate.swift; sourceTree = "<group>"; };
		A5AF3E812BDDC0BE00DA3CA6 /* ViewController.swift */ = {isa = PBXFileReference; lastKnownFileType = sourcecode.swift; path = ViewController.swift; sourceTree = "<group>"; };
		A5AF3E842BDDC0BE00DA3CA6 /* Base */ = {isa = PBXFileReference; lastKnownFileType = file.storyboard; name = Base; path = Base.lproj/Main.storyboard; sourceTree = "<group>"; };
		A5AF3E862BDDC0C000DA3CA6 /* Assets.xcassets */ = {isa = PBXFileReference; lastKnownFileType = folder.assetcatalog; path = Assets.xcassets; sourceTree = "<group>"; };
		A5AF3E892BDDC0C000DA3CA6 /* Base */ = {isa = PBXFileReference; lastKnownFileType = file.storyboard; name = Base; path = Base.lproj/LaunchScreen.storyboard; sourceTree = "<group>"; };
		A5AF3E8B2BDDC0C000DA3CA6 /* Info.plist */ = {isa = PBXFileReference; lastKnownFileType = text.plist.xml; path = Info.plist; sourceTree = "<group>"; };
		A5AF3E912BDDC0F000DA3CA6 /* PredictionController.swift */ = {isa = PBXFileReference; fileEncoding = 4; lastKnownFileType = sourcecode.swift; path = PredictionController.swift; sourceTree = "<group>"; };
/* End PBXFileReference section */

/* Begin PBXFrameworksBuildPhase section */
		A5AF3E772BDDC0BE00DA3CA6 /* Frameworks */ = {
			isa = PBXFrameworksBuildPhase;
			buildActionMask = 2147483647;
			files = (
			);
			runOnlyForDeploymentPostprocessing = 0;
		};
/* End PBXFrameworksBuildPhase section */

/* Begin PBXGroup section */
		A5AF3E712BDDC0BE00DA3CA6 = {
			isa = PBXGroup;
			children = (
				A5AF3E7C2BDDC0BE00DA3CA6 /* MAD_Grad_Peram_Venkata_Ramana_Reddy */,
				A5AF3E7B2BDDC0BE00DA3CA6 /* Products */,
			);
			sourceTree = "<group>";
		};
		A5AF3E7B2BDDC0BE00DA3CA6 /* Products */ = {
			isa = PBXGroup;
			children = (
				A5AF3E7A2BDDC0BE00DA3CA6 /* MAD_Grad_Peram_Venkata_Ramana_Reddy.app */,
			);
			name = Products;
			sourceTree = "<group>";
		};
		A5AF3E7C2BDDC0BE00DA3CA6 /* MAD_Grad_Peram_Venkata_Ramana_Reddy */ = {
			isa = PBXGroup;
			children = (
				A5869C612BDDCE1500B79A71 /* BoxCarClassification 1.mlmodel */,
				A5AF3E7D2BDDC0BE00DA3CA6 /* AppDelegate.swift */,
				A5AF3E7F2BDDC0BE00DA3CA6 /* SceneDelegate.swift */,
				A5AF3E812BDDC0BE00DA3CA6 /* ViewController.swift */,
				A5AF3E912BDDC0F000DA3CA6 /* PredictionController.swift */,
				A5AF3E832BDDC0BE00DA3CA6 /* Main.storyboard */,
				A5AF3E862BDDC0C000DA3CA6 /* Assets.xcassets */,
				A5AF3E882BDDC0C000DA3CA6 /* LaunchScreen.storyboard */,
				A5AF3E8B2BDDC0C000DA3CA6 /* Info.plist */,
			);
			path = MAD_Grad_Peram_Venkata_Ramana_Reddy;
			sourceTree = "<group>";
		};
/* End PBXGroup section */

/* Begin PBXNativeTarget section */
		A5AF3E792BDDC0BE00DA3CA6 /* MAD_Grad_Peram_Venkata_Ramana_Reddy */ = {
			isa = PBXNativeTarget;
			buildConfigurationList = A5AF3E8E2BDDC0C000DA3CA6 /* Build configuration list for PBXNativeTarget "MAD_Grad_Peram_Venkata_Ramana_Reddy" */;
			buildPhases = (
				A5AF3E762BDDC0BE00DA3CA6 /* Sources */,
				A5AF3E772BDDC0BE00DA3CA6 /* Frameworks */,
				A5AF3E782BDDC0BE00DA3CA6 /* Resources */,
			);
			buildRules = (
			);
			dependencies = (
			);
			name = MAD_Grad_Peram_Venkata_Ramana_Reddy;
			productName = MAD_Grad_Peram_Venkata_Ramana_Reddy;
			productReference = A5AF3E7A2BDDC0BE00DA3CA6 /* MAD_Grad_Peram_Venkata_Ramana_Reddy.app */;
			productType = "com.apple.product-type.application";
		};
/* End PBXNativeTarget section */

/* Begin PBXProject section */
		A5AF3E722BDDC0BE00DA3CA6 /* Project object */ = {
			isa = PBXProject;
			attributes = {
				BuildIndependentTargetsInParallel = 1;
				LastSwiftUpdateCheck = 1530;
				LastUpgradeCheck = 1530;
				TargetAttributes = {
					A5AF3E792BDDC0BE00DA3CA6 = {
						CreatedOnToolsVersion = 15.3;
					};
				};
			};
			buildConfigurationList = A5AF3E752BDDC0BE00DA3CA6 /* Build configuration list for PBXProject "MAD_Grad_Peram_Venkata_Ramana_Reddy" */;
			compatibilityVersion = "Xcode 14.0";
			developmentRegion = en;
			hasScannedForEncodings = 0;
			knownRegions = (
				en,
				Base,
			);
			mainGroup = A5AF3E712BDDC0BE00DA3CA6;
			productRefGroup = A5AF3E7B2BDDC0BE00DA3CA6 /* Products */;
			projectDirPath = "";
			projectRoot = "";
			targets = (
				A5AF3E792BDDC0BE00DA3CA6 /* MAD_Grad_Peram_Venkata_Ramana_Reddy */,
			);
		};
/* End PBXProject section */

/* Begin PBXResourcesBuildPhase section */
		A5AF3E782BDDC0BE00DA3CA6 /* Resources */ = {
			isa = PBXResourcesBuildPhase;
			buildActionMask = 2147483647;
			files = (
				A5AF3E872BDDC0C000DA3CA6 /* Assets.xcassets in Resources */,
				A5AF3E8A2BDDC0C000DA3CA6 /* Base in Resources */,
				A5AF3E852BDDC0BE00DA3CA6 /* Base in Resources */,
			);
			runOnlyForDeploymentPostprocessing = 0;
		};
/* End PBXResourcesBuildPhase section */

/* Begin PBXSourcesBuildPhase section */
		A5AF3E762BDDC0BE00DA3CA6 /* Sources */ = {
			isa = PBXSourcesBuildPhase;
			buildActionMask = 2147483647;
			files = (
				A5AF3E822BDDC0BE00DA3CA6 /* ViewController.swift in Sources */,
				A5869C622BDDCE1500B79A71 /* BoxCarClassification 1.mlmodel in Sources */,
				A5AF3E7E2BDDC0BE00DA3CA6 /* AppDelegate.swift in Sources */,
				A5AF3E922BDDC0F000DA3CA6 /* PredictionController.swift in Sources */,
				A5AF3E802BDDC0BE00DA3CA6 /* SceneDelegate.swift in Sources */,
			);
			runOnlyForDeploymentPostprocessing = 0;
		};
/* End PBXSourcesBuildPhase section */

/* Begin PBXVariantGroup section */
		A5AF3E832BDDC0BE00DA3CA6 /* Main.storyboard */ = {
			isa = PBXVariantGroup;
			children = (
				A5AF3E842BDDC0BE00DA3CA6 /* Base */,
			);
			name = Main.storyboard;
			sourceTree = "<group>";
		};
		A5AF3E882BDDC0C000DA3CA6 /* LaunchScreen.storyboard */ = {
			isa = PBXVariantGroup;
			children = (
				A5AF3E892BDDC0C000DA3CA6 /* Base */,
			);
			name = LaunchScreen.storyboard;
			sourceTree = "<group>";
		};
/* End PBXVariantGroup section */

/* Begin XCBuildConfiguration section */
		A5AF3E8C2BDDC0C000DA3CA6 /* Debug */ = {
			isa = XCBuildConfiguration;
			buildSettings = {
				ALWAYS_SEARCH_USER_PATHS = NO;
				ASSETCATALOG_COMPILER_GENERATE_SWIFT_ASSET_SYMBOL_EXTENSIONS = YES;
				CLANG_ANALYZER_NONNULL = YES;
				CLANG_ANALYZER_NUMBER_OBJECT_CONVERSION = YES_AGGRESSIVE;
				CLANG_CXX_LANGUAGE_STANDARD = "gnu++20";
				CLANG_ENABLE_MODULES = YES;
				CLANG_ENABLE_OBJC_ARC = YES;
				CLANG_ENABLE_OBJC_WEAK = YES;
				CLANG_WARN_BLOCK_CAPTURE_AUTORELEASING = YES;
				CLANG_WARN_BOOL_CONVERSION = YES;
				CLANG_WARN_COMMA = YES;
				CLANG_WARN_CONSTANT_CONVERSION = YES;
				CLANG_WARN_DEPRECATED_OBJC_IMPLEMENTATIONS = YES;
				CLANG_WARN_DIRECT_OBJC_ISA_USAGE = YES_ERROR;
				CLANG_WARN_DOCUMENTATION_COMMENTS = YES;
				CLANG_WARN_EMPTY_BODY = YES;
				CLANG_WARN_ENUM_CONVERSION = YES;
				CLANG_WARN_INFINITE_RECURSION = YES;
				CLANG_WARN_INT_CONVERSION = YES;
				CLANG_WARN_NON_LITERAL_NULL_CONVERSION = YES;
				CLANG_WARN_OBJC_IMPLICIT_RETAIN_SELF = YES;
				CLANG_WARN_OBJC_LITERAL_CONVERSION = YES;
				CLANG_WARN_OBJC_ROOT_CLASS = YES_ERROR;
				CLANG_WARN_QUOTED_INCLUDE_IN_FRAMEWORK_HEADER = YES;
				CLANG_WARN_RANGE_LOOP_ANALYSIS = YES;
				CLANG_WARN_STRICT_PROTOTYPES = YES;
				CLANG_WARN_SUSPICIOUS_MOVE = YES;
				CLANG_WARN_UNGUARDED_AVAILABILITY = YES_AGGRESSIVE;
				CLANG_WARN_UNREACHABLE_CODE = YES;
				CLANG_WARN__DUPLICATE_METHOD_MATCH = YES;
				COPY_PHASE_STRIP = NO;
				DEBUG_INFORMATION_FORMAT = dwarf;
				ENABLE_STRICT_OBJC_MSGSEND = YES;
				ENABLE_TESTABILITY = YES;
				ENABLE_USER_SCRIPT_SANDBOXING = YES;
				GCC_C_LANGUAGE_STANDARD = gnu17;
				GCC_DYNAMIC_NO_PIC = NO;
				GCC_NO_COMMON_BLOCKS = YES;
				GCC_OPTIMIZATION_LEVEL = 0;
				GCC_PREPROCESSOR_DEFINITIONS = (
					"DEBUG=1",
					"$(inherited)",
				);
				GCC_WARN_64_TO_32_BIT_CONVERSION = YES;
				GCC_WARN_ABOUT_RETURN_TYPE = YES_ERROR;
				GCC_WARN_UNDECLARED_SELECTOR = YES;
				GCC_WARN_UNINITIALIZED_AUTOS = YES_AGGRESSIVE;
				GCC_WARN_UNUSED_FUNCTION = YES;
				GCC_WARN_UNUSED_VARIABLE = YES;
				IPHONEOS_DEPLOYMENT_TARGET = 17.4;
				LOCALIZATION_PREFERS_STRING_CATALOGS = YES;
				MTL_ENABLE_DEBUG_INFO = INCLUDE_SOURCE;
				MTL_FAST_MATH = YES;
				ONLY_ACTIVE_ARCH = YES;
				SDKROOT = iphoneos;
				SWIFT_ACTIVE_COMPILATION_CONDITIONS = "DEBUG $(inherited)";
				SWIFT_OPTIMIZATION_LEVEL = "-Onone";
			};
			name = Debug;
		};
		A5AF3E8D2BDDC0C000DA3CA6 /* Release */ = {
			isa = XCBuildConfiguration;
			buildSettings = {
				ALWAYS_SEARCH_USER_PATHS = NO;
				ASSETCATALOG_COMPILER_GENERATE_SWIFT_ASSET_SYMBOL_EXTENSIONS = YES;
				CLANG_ANALYZER_NONNULL = YES;
				CLANG_ANALYZER_NUMBER_OBJECT_CONVERSION = YES_AGGRESSIVE;
				CLANG_CXX_LANGUAGE_STANDARD = "gnu++20";
				CLANG_ENABLE_MODULES = YES;
				CLANG_ENABLE_OBJC_ARC = YES;
				CLANG_ENABLE_OBJC_WEAK = YES;
				CLANG_WARN_BLOCK_CAPTURE_AUTORELEASING = YES;
				CLANG_WARN_BOOL_CONVERSION = YES;
				CLANG_WARN_COMMA = YES;
				CLANG_WARN_CONSTANT_CONVERSION = YES;
				CLANG_WARN_DEPRECATED_OBJC_IMPLEMENTATIONS = YES;
				CLANG_WARN_DIRECT_OBJC_ISA_USAGE = YES_ERROR;
				CLANG_WARN_DOCUMENTATION_COMMENTS = YES;
				CLANG_WARN_EMPTY_BODY = YES;
				CLANG_WARN_ENUM_CONVERSION = YES;
				CLANG_WARN_INFINITE_RECURSION = YES;
				CLANG_WARN_INT_CONVERSION = YES;
				CLANG_WARN_NON_LITERAL_NULL_CONVERSION = YES;
				CLANG_WARN_OBJC_IMPLICIT_RETAIN_SELF = YES;
				CLANG_WARN_OBJC_LITERAL_CONVERSION = YES;
				CLANG_WARN_OBJC_ROOT_CLASS = YES_ERROR;
				CLANG_WARN_QUOTED_INCLUDE_IN_FRAMEWORK_HEADER = YES;
				CLANG_WARN_RANGE_LOOP_ANALYSIS = YES;
				CLANG_WARN_STRICT_PROTOTYPES = YES;
				CLANG_WARN_SUSPICIOUS_MOVE = YES;
				CLANG_WARN_UNGUARDED_AVAILABILITY = YES_AGGRESSIVE;
				CLANG_WARN_UNREACHABLE_CODE = YES;
				CLANG_WARN__DUPLICATE_METHOD_MATCH = YES;
				COPY_PHASE_STRIP = NO;
				DEBUG_INFORMATION_FORMAT = "dwarf-with-dsym";
				ENABLE_NS_ASSERTIONS = NO;
				ENABLE_STRICT_OBJC_MSGSEND = YES;
				ENABLE_USER_SCRIPT_SANDBOXING = YES;
				GCC_C_LANGUAGE_STANDARD = gnu17;
				GCC_NO_COMMON_BLOCKS = YES;
				GCC_WARN_64_TO_32_BIT_CONVERSION = YES;
				GCC_WARN_ABOUT_RETURN_TYPE = YES_ERROR;
				GCC_WARN_UNDECLARED_SELECTOR = YES;
				GCC_WARN_UNINITIALIZED_AUTOS = YES_AGGRESSIVE;
				GCC_WARN_UNUSED_FUNCTION = YES;
				GCC_WARN_UNUSED_VARIABLE = YES;
				IPHONEOS_DEPLOYMENT_TARGET = 17.4;
				LOCALIZATION_PREFERS_STRING_CATALOGS = YES;
				MTL_ENABLE_DEBUG_INFO = NO;
				MTL_FAST_MATH = YES;
				SDKROOT = iphoneos;
				SWIFT_COMPILATION_MODE = wholemodule;
				VALIDATE_PRODUCT = YES;
			};
			name = Release;
		};
		A5AF3E8F2BDDC0C000DA3CA6 /* Debug */ = {
			isa = XCBuildConfiguration;
			buildSettings = {
				ASSETCATALOG_COMPILER_APPICON_NAME = AppIcon;
				ASSETCATALOG_COMPILER_GLOBAL_ACCENT_COLOR_NAME = AccentColor;
				CODE_SIGN_STYLE = Automatic;
				CURRENT_PROJECT_VERSION = 1;
				DEVELOPMENT_TEAM = BNU37T6233;
				GENERATE_INFOPLIST_FILE = YES;
				INFOPLIST_FILE = MAD_Grad_Peram_Venkata_Ramana_Reddy/Info.plist;
				INFOPLIST_KEY_UIApplicationSupportsIndirectInputEvents = YES;
				INFOPLIST_KEY_UILaunchStoryboardName = LaunchScreen;
				INFOPLIST_KEY_UIMainStoryboardFile = Main;
				INFOPLIST_KEY_UISupportedInterfaceOrientations_iPad = "UIInterfaceOrientationPortrait UIInterfaceOrientationPortraitUpsideDown UIInterfaceOrientationLandscapeLeft UIInterfaceOrientationLandscapeRight";
				INFOPLIST_KEY_UISupportedInterfaceOrientations_iPhone = "UIInterfaceOrientationPortrait UIInterfaceOrientationLandscapeLeft UIInterfaceOrientationLandscapeRight";
				LD_RUNPATH_SEARCH_PATHS = (
					"$(inherited)",
					"@executable_path/Frameworks",
				);
				MARKETING_VERSION = 1.0;
				PRODUCT_BUNDLE_IDENTIFIER = "edu.okstate.MAD-Grad-Peram-Venkata-Ramana-Reddy";
				PRODUCT_NAME = "$(TARGET_NAME)";
				SWIFT_EMIT_LOC_STRINGS = YES;
				SWIFT_VERSION = 5.0;
				TARGETED_DEVICE_FAMILY = "1,2";
			};
			name = Debug;
		};
		A5AF3E902BDDC0C000DA3CA6 /* Release */ = {
			isa = XCBuildConfiguration;
			buildSettings = {
				ASSETCATALOG_COMPILER_APPICON_NAME = AppIcon;
				ASSETCATALOG_COMPILER_GLOBAL_ACCENT_COLOR_NAME = AccentColor;
				CODE_SIGN_STYLE = Automatic;
				CURRENT_PROJECT_VERSION = 1;
				DEVELOPMENT_TEAM = BNU37T6233;
				GENERATE_INFOPLIST_FILE = YES;
				INFOPLIST_FILE = MAD_Grad_Peram_Venkata_Ramana_Reddy/Info.plist;
				INFOPLIST_KEY_UIApplicationSupportsIndirectInputEvents = YES;
				INFOPLIST_KEY_UILaunchStoryboardName = LaunchScreen;
				INFOPLIST_KEY_UIMainStoryboardFile = Main;
				INFOPLIST_KEY_UISupportedInterfaceOrientations_iPad = "UIInterfaceOrientationPortrait UIInterfaceOrientationPortraitUpsideDown UIInterfaceOrientationLandscapeLeft UIInterfaceOrientationLandscapeRight";
				INFOPLIST_KEY_UISupportedInterfaceOrientations_iPhone = "UIInterfaceOrientationPortrait UIInterfaceOrientationLandscapeLeft UIInterfaceOrientationLandscapeRight";
				LD_RUNPATH_SEARCH_PATHS = (
					"$(inherited)",
					"@executable_path/Frameworks",
				);
				MARKETING_VERSION = 1.0;
				PRODUCT_BUNDLE_IDENTIFIER = "edu.okstate.MAD-Grad-Peram-Venkata-Ramana-Reddy";
				PRODUCT_NAME = "$(TARGET_NAME)";
				SWIFT_EMIT_LOC_STRINGS = YES;
				SWIFT_VERSION = 5.0;
				TARGETED_DEVICE_FAMILY = "1,2";
			};
			name = Release;
		};
/* End XCBuildConfiguration section */

/* Begin XCConfigurationList section */
		A5AF3E752BDDC0BE00DA3CA6 /* Build configuration list for PBXProject "MAD_Grad_Peram_Venkata_Ramana_Reddy" */ = {
			isa = XCConfigurationList;
			buildConfigurations = (
				A5AF3E8C2BDDC0C000DA3CA6 /* Debug */,
				A5AF3E8D2BDDC0C000DA3CA6 /* Release */,
			);
			defaultConfigurationIsVisible = 0;
			defaultConfigurationName = Release;
		};
		A5AF3E8E2BDDC0C000DA3CA6 /* Build configuration list for PBXNativeTarget "MAD_Grad_Peram_Venkata_Ramana_Reddy" */ = {
			isa = XCConfigurationList;
			buildConfigurations = (
				A5AF3E8F2BDDC0C000DA3CA6 /* Debug */,
				A5AF3E902BDDC0C000DA3CA6 /* Release */,
			);
			defaultConfigurationIsVisible = 0;
			defaultConfigurationName = Release;
		};
/* End XCConfigurationList section */
	};
	rootObject = A5AF3E722BDDC0BE00DA3CA6 /* Project object */;
}
